%{"bbmustache": {:hex, :bbmustache, "1.0.4"},
  "cf": {:hex, :cf, "0.2.1"},
  "conform": {:hex, :conform, "0.16.0"},
  "cowboy": {:hex, :cowboy, "1.0.4"},
  "cowlib": {:hex, :cowlib, "1.0.2"},
  "erlware_commons": {:hex, :erlware_commons, "0.19.0"},
  "exrm": {:hex, :exrm, "1.0.2"},
  "getopt": {:hex, :getopt, "0.8.2"},
  "logger_file_backend": {:hex, :logger_file_backend, "0.0.6"},
  "neotoma": {:hex, :neotoma, "1.7.3"},
  "plug": {:hex, :plug, "1.1.2"},
  "poison": {:hex, :poison, "2.1.0"},
  "providers": {:hex, :providers, "1.6.0"},
  "ranch": {:hex, :ranch, "1.2.1"},
  "relx": {:hex, :relx, "3.18.0"}}
